
Microsoft Visual Studio Solution File, Format Version 12.00
# Visual Studio Version 16
VisualStudioVersion = 16.0.30104.148
MinimumVisualStudioVersion = 10.0.40219.1
Project("{FAE04EC0-301F-11D3-BF4B-00C04F79EFBC}") = "WorkingShiftPlanner", "WorkingShiftPlanner\WorkingShiftPlanner.csproj", "{EAD8EC4E-21B3-4E3A-9322-F95F6DA9A1F8}"
EndProject
Global
	GlobalSection(SolutionConfigurationPlatforms) = preSolution
		Debug|Any CPU = Debug|Any CPU
		Release|Any CPU = Release|Any CPU
	EndGlobalSection
	GlobalSection(ProjectConfigurationPlatforms) = postSolution
		{EAD8EC4E-21B3-4E3A-9322-F95F6DA9A1F8}.Debug|Any CPU.ActiveCfg = Debug|Any CPU
		{EAD8EC4E-21B3-4E3A-9322-F95F6DA9A1F8}.Debug|Any CPU.Build.0 = Debug|Any CPU
		{EAD8EC4E-21B3-4E3A-9322-F95F6DA9A1F8}.Release|Any CPU.ActiveCfg = Release|Any CPU
		{EAD8EC4E-21B3-4E3A-9322-F95F6DA9A1F8}.Release|Any CPU.Build.0 = Release|Any CPU
	EndGlobalSection
	GlobalSection(SolutionProperties) = preSolution
		HideSolutionNode = FALSE
	EndGlobalSection
	GlobalSection(ExtensibilityGlobals) = postSolution
		SolutionGuid = {9C4C38DA-156B-4861-B69A-AC35C370B472}
	EndGlobalSection
EndGlobal
